// !$*UTF8*$!
{
	archiveVersion = 1;
	classes = {
	};
	objectVersion = 56;
	objects = {

/* Begin PBXBuildFile section */
		724377132ADA0BAE0075AA23 /* MyTableViewCell.swift in Sources */ = {isa = PBXBuildFile; fileRef = 724377122ADA0BAE0075AA23 /* MyTableViewCell.swift */; };
		728E3C992ADA55CA0069F224 /* Structures.swift in Sources */ = {isa = PBXBuildFile; fileRef = 728E3C982ADA55CA0069F224 /* Structures.swift */; };
		72A6E21C2AD834E200DE3B42 /* AppDelegate.swift in Sources */ = {isa = PBXBuildFile; fileRef = 72A6E21B2AD834E200DE3B42 /* AppDelegate.swift */; };
		72A6E21E2AD834E200DE3B42 /* SceneDelegate.swift in Sources */ = {isa = PBXBuildFile; fileRef = 72A6E21D2AD834E200DE3B42 /* SceneDelegate.swift */; };
		72A6E2202AD834E200DE3B42 /* AddCityViewController.swift in Sources */ = {isa = PBXBuildFile; fileRef = 72A6E21F2AD834E200DE3B42 /* AddCityViewController.swift */; };
		72A6E2232AD834E300DE3B42 /* Main.storyboard in Resources */ = {isa = PBXBuildFile; fileRef = 72A6E2212AD834E300DE3B42 /* Main.storyboard */; };
		72A6E2262AD834E300DE3B42 /* WeatherApp_Ritika121023.xcdatamodeld in Sources */ = {isa = PBXBuildFile; fileRef = 72A6E2242AD834E300DE3B42 /* WeatherApp_Ritika121023.xcdatamodeld */; };
		72A6E2282AD834E500DE3B42 /* Assets.xcassets in Resources */ = {isa = PBXBuildFile; fileRef = 72A6E2272AD834E500DE3B42 /* Assets.xcassets */; };
		72A6E22B2AD834E500DE3B42 /* LaunchScreen.storyboard in Resources */ = {isa = PBXBuildFile; fileRef = 72A6E2292AD834E500DE3B42 /* LaunchScreen.storyboard */; };
		72C7B3402AD849040062AB52 /* CitiesTableViewController.swift in Sources */ = {isa = PBXBuildFile; fileRef = 72C7B33F2AD849040062AB52 /* CitiesTableViewController.swift */; };
		72C7B3422AD849B90062AB52 /* ResultsTableViewController.swift in Sources */ = {isa = PBXBuildFile; fileRef = 72C7B3412AD849B90062AB52 /* ResultsTableViewController.swift */; };
		72E7E04B2AD868EB002A7746 /* Service.swift in Sources */ = {isa = PBXBuildFile; fileRef = 72E7E04A2AD868EB002A7746 /* Service.swift */; };
/* End PBXBuildFile section */

/* Begin PBXFileReference section */
		724377122ADA0BAE0075AA23 /* MyTableViewCell.swift */ = {isa = PBXFileReference; lastKnownFileType = sourcecode.swift; path = MyTableViewCell.swift; sourceTree = "<group>"; };
		728E3C982ADA55CA0069F224 /* Structures.swift */ = {isa = PBXFileReference; lastKnownFileType = sourcecode.swift; path = Structures.swift; sourceTree = "<group>"; };
		72A6E2182AD834E200DE3B42 /* WeatherApp_Ritika121023.app */ = {isa = PBXFileReference; explicitFileType = wrapper.application; includeInIndex = 0; path = WeatherApp_Ritika121023.app; sourceTree = BUILT_PRODUCTS_DIR; };
		72A6E21B2AD834E200DE3B42 /* AppDelegate.swift */ = {isa = PBXFileReference; lastKnownFileType = sourcecode.swift; path = AppDelegate.swift; sourceTree = "<group>"; };
		72A6E21D2AD834E200DE3B42 /* SceneDelegate.swift */ = {isa = PBXFileReference; lastKnownFileType = sourcecode.swift; path = SceneDelegate.swift; sourceTree = "<group>"; };
		72A6E21F2AD834E200DE3B42 /* AddCityViewController.swift */ = {isa = PBXFileReference; lastKnownFileType = sourcecode.swift; path = AddCityViewController.swift; sourceTree = "<group>"; };
		72A6E2222AD834E300DE3B42 /* Base */ = {isa = PBXFileReference; lastKnownFileType = file.storyboard; name = Base; path = Base.lproj/Main.storyboard; sourceTree = "<group>"; };
		72A6E2252AD834E300DE3B42 /* WeatherApp_Ritika121023.xcdatamodel */ = {isa = PBXFileReference; lastKnownFileType = wrapper.xcdatamodel; path = WeatherApp_Ritika121023.xcdatamodel; sourceTree = "<group>"; };
		72A6E2272AD834E500DE3B42 /* Assets.xcassets */ = {isa = PBXFileReference; lastKnownFileType = folder.assetcatalog; path = Assets.xcassets; sourceTree = "<group>"; };
		72A6E22A2AD834E500DE3B42 /* Base */ = {isa = PBXFileReference; lastKnownFileType = file.storyboard; name = Base; path = Base.lproj/LaunchScreen.storyboard; sourceTree = "<group>"; };
		72A6E22C2AD834E500DE3B42 /* Info.plist */ = {isa = PBXFileReference; lastKnownFileType = text.plist.xml; path = Info.plist; sourceTree = "<group>"; };
		72C7B33F2AD849040062AB52 /* CitiesTableViewController.swift */ = {isa = PBXFileReference; lastKnownFileType = sourcecode.swift; path = CitiesTableViewController.swift; sourceTree = "<group>"; };
		72C7B3412AD849B90062AB52 /* ResultsTableViewController.swift */ = {isa = PBXFileReference; lastKnownFileType = sourcecode.swift; path = ResultsTableViewController.swift; sourceTree = "<group>"; };
		72E7E04A2AD868EB002A7746 /* Service.swift */ = {isa = PBXFileReference; lastKnownFileType = sourcecode.swift; path = Service.swift; sourceTree = "<group>"; };
/* End PBXFileReference section */

/* Begin PBXFrameworksBuildPhase section */
		72A6E2152AD834E200DE3B42 /* Frameworks */ = {
			isa = PBXFrameworksBuildPhase;
			buildActionMask = 2147483647;
			files = (
			);
			runOnlyForDeploymentPostprocessing = 0;
		};
/* End PBXFrameworksBuildPhase section */

/* Begin PBXGroup section */
		721706622AD847CB00D0E93E /* Views */ = {
			isa = PBXGroup;
			children = (
				72C7B33F2AD849040062AB52 /* CitiesTableViewController.swift */,
				72A6E21F2AD834E200DE3B42 /* AddCityViewController.swift */,
				72C7B3412AD849B90062AB52 /* ResultsTableViewController.swift */,
				724377122ADA0BAE0075AA23 /* MyTableViewCell.swift */,
			);
			path = Views;
			sourceTree = "<group>";
		};
		72A6E20F2AD834E200DE3B42 = {
			isa = PBXGroup;
			children = (
				72A6E21A2AD834E200DE3B42 /* WeatherApp_Ritika121023 */,
				72A6E2192AD834E200DE3B42 /* Products */,
			);
			sourceTree = "<group>";
		};
		72A6E2192AD834E200DE3B42 /* Products */ = {
			isa = PBXGroup;
			children = (
				72A6E2182AD834E200DE3B42 /* WeatherApp_Ritika121023.app */,
			);
			name = Products;
			sourceTree = "<group>";
		};
		72A6E21A2AD834E200DE3B42 /* WeatherApp_Ritika121023 */ = {
			isa = PBXGroup;
			children = (
				72E7E0492AD868D7002A7746 /* Model */,
				721706622AD847CB00D0E93E /* Views */,
				72A6E21B2AD834E200DE3B42 /* AppDelegate.swift */,
				72A6E21D2AD834E200DE3B42 /* SceneDelegate.swift */,
				72A6E2212AD834E300DE3B42 /* Main.storyboard */,
				72A6E2272AD834E500DE3B42 /* Assets.xcassets */,
				72A6E2292AD834E500DE3B42 /* LaunchScreen.storyboard */,
				72A6E22C2AD834E500DE3B42 /* Info.plist */,
				72A6E2242AD834E300DE3B42 /* WeatherApp_Ritika121023.xcdatamodeld */,
			);
			path = WeatherApp_Ritika121023;
			sourceTree = "<group>";
		};
		72E7E0492AD868D7002A7746 /* Model */ = {
			isa = PBXGroup;
			children = (
				72E7E04A2AD868EB002A7746 /* Service.swift */,
				728E3C982ADA55CA0069F224 /* Structures.swift */,
			);
			path = Model;
			sourceTree = "<group>";
		};
/* End PBXGroup section */

/* Begin PBXNativeTarget section */
		72A6E2172AD834E200DE3B42 /* WeatherApp_Ritika121023 */ = {
			isa = PBXNativeTarget;
			buildConfigurationList = 72A6E22F2AD834E500DE3B42 /* Build configuration list for PBXNativeTarget "WeatherApp_Ritika121023" */;
			buildPhases = (
				72A6E2142AD834E200DE3B42 /* Sources */,
				72A6E2152AD834E200DE3B42 /* Frameworks */,
				72A6E2162AD834E200DE3B42 /* Resources */,
			);
			buildRules = (
			);
			dependencies = (
			);
			name = WeatherApp_Ritika121023;
			productName = WeatherApp_Ritika121023;
			productReference = 72A6E2182AD834E200DE3B42 /* WeatherApp_Ritika121023.app */;
			productType = "com.apple.product-type.application";
		};
/* End PBXNativeTarget section */

/* Begin PBXProject section */
		72A6E2102AD834E200DE3B42 /* Project object */ = {
			isa = PBXProject;
			attributes = {
				BuildIndependentTargetsInParallel = 1;
				LastSwiftUpdateCheck = 1430;
				LastUpgradeCheck = 1430;
				TargetAttributes = {
					72A6E2172AD834E200DE3B42 = {
						CreatedOnToolsVersion = 14.3.1;
					};
				};
			};
			buildConfigurationList = 72A6E2132AD834E200DE3B42 /* Build configuration list for PBXProject "WeatherApp_Ritika121023" */;
			compatibilityVersion = "Xcode 14.0";
			developmentRegion = en;
			hasScannedForEncodings = 0;
			knownRegions = (
				en,
				Base,
			);
			mainGroup = 72A6E20F2AD834E200DE3B42;
			productRefGroup = 72A6E2192AD834E200DE3B42 /* Products */;
			projectDirPath = "";
			projectRoot = "";
			targets = (
				72A6E2172AD834E200DE3B42 /* WeatherApp_Ritika121023 */,
			);
		};
/* End PBXProject section */

/* Begin PBXResourcesBuildPhase section */
		72A6E2162AD834E200DE3B42 /* Resources */ = {
			isa = PBXResourcesBuildPhase;
			buildActionMask = 2147483647;
			files = (
				72A6E22B2AD834E500DE3B42 /* LaunchScreen.storyboard in Resources */,
				72A6E2282AD834E500DE3B42 /* Assets.xcassets in Resources */,
				72A6E2232AD834E300DE3B42 /* Main.storyboard in Resources */,
			);
			runOnlyForDeploymentPostprocessing = 0;
		};
/* End PBXResourcesBuildPhase section */

/* Begin PBXSourcesBuildPhase section */
		72A6E2142AD834E200DE3B42 /* Sources */ = {
			isa = PBXSourcesBuildPhase;
			buildActionMask = 2147483647;
			files = (
				72C7B3422AD849B90062AB52 /* ResultsTableViewController.swift in Sources */,
				728E3C992ADA55CA0069F224 /* Structures.swift in Sources */,
				724377132ADA0BAE0075AA23 /* MyTableViewCell.swift in Sources */,
				72E7E04B2AD868EB002A7746 /* Service.swift in Sources */,
				72A6E2202AD834E200DE3B42 /* AddCityViewController.swift in Sources */,
				72C7B3402AD849040062AB52 /* CitiesTableViewController.swift in Sources */,
				72A6E2262AD834E300DE3B42 /* WeatherApp_Ritika121023.xcdatamodeld in Sources */,
				72A6E21C2AD834E200DE3B42 /* AppDelegate.swift in Sources */,
				72A6E21E2AD834E200DE3B42 /* SceneDelegate.swift in Sources */,
			);
			runOnlyForDeploymentPostprocessing = 0;
		};
/* End PBXSourcesBuildPhase section */

/* Begin PBXVariantGroup section */
		72A6E2212AD834E300DE3B42 /* Main.storyboard */ = {
			isa = PBXVariantGroup;
			children = (
				72A6E2222AD834E300DE3B42 /* Base */,
			);
			name = Main.storyboard;
			sourceTree = "<group>";
		};
		72A6E2292AD834E500DE3B42 /* LaunchScreen.storyboard */ = {
			isa = PBXVariantGroup;
			children = (
				72A6E22A2AD834E500DE3B42 /* Base */,
			);
			name = LaunchScreen.storyboard;
			sourceTree = "<group>";
		};
/* End PBXVariantGroup section */

/* Begin XCBuildConfiguration section */
		72A6E22D2AD834E500DE3B42 /* Debug */ = {
			isa = XCBuildConfiguration;
			buildSettings = {
				ALWAYS_SEARCH_USER_PATHS = NO;
				CLANG_ANALYZER_NONNULL = YES;
				CLANG_ANALYZER_NUMBER_OBJECT_CONVERSION = YES_AGGRESSIVE;
				CLANG_CXX_LANGUAGE_STANDARD = "gnu++20";
				CLANG_ENABLE_MODULES = YES;
				CLANG_ENABLE_OBJC_ARC = YES;
				CLANG_ENABLE_OBJC_WEAK = YES;
				CLANG_WARN_BLOCK_CAPTURE_AUTORELEASING = YES;
				CLANG_WARN_BOOL_CONVERSION = YES;
				CLANG_WARN_COMMA = YES;
				CLANG_WARN_CONSTANT_CONVERSION = YES;
				CLANG_WARN_DEPRECATED_OBJC_IMPLEMENTATIONS = YES;
				CLANG_WARN_DIRECT_OBJC_ISA_USAGE = YES_ERROR;
				CLANG_WARN_DOCUMENTATION_COMMENTS = YES;
				CLANG_WARN_EMPTY_BODY = YES;
				CLANG_WARN_ENUM_CONVERSION = YES;
				CLANG_WARN_INFINITE_RECURSION = YES;
				CLANG_WARN_INT_CONVERSION = YES;
				CLANG_WARN_NON_LITERAL_NULL_CONVERSION = YES;
				CLANG_WARN_OBJC_IMPLICIT_RETAIN_SELF = YES;
				CLANG_WARN_OBJC_LITERAL_CONVERSION = YES;
				CLANG_WARN_OBJC_ROOT_CLASS = YES_ERROR;
				CLANG_WARN_QUOTED_INCLUDE_IN_FRAMEWORK_HEADER = YES;
				CLANG_WARN_RANGE_LOOP_ANALYSIS = YES;
				CLANG_WARN_STRICT_PROTOTYPES = YES;
				CLANG_WARN_SUSPICIOUS_MOVE = YES;
				CLANG_WARN_UNGUARDED_AVAILABILITY = YES_AGGRESSIVE;
				CLANG_WARN_UNREACHABLE_CODE = YES;
				CLANG_WARN__DUPLICATE_METHOD_MATCH = YES;
				COPY_PHASE_STRIP = NO;
				DEBUG_INFORMATION_FORMAT = dwarf;
				ENABLE_STRICT_OBJC_MSGSEND = YES;
				ENABLE_TESTABILITY = YES;
				GCC_C_LANGUAGE_STANDARD = gnu11;
				GCC_DYNAMIC_NO_PIC = NO;
				GCC_NO_COMMON_BLOCKS = YES;
				GCC_OPTIMIZATION_LEVEL = 0;
				GCC_PREPROCESSOR_DEFINITIONS = (
					"DEBUG=1",
					"$(inherited)",
				);
				GCC_WARN_64_TO_32_BIT_CONVERSION = YES;
				GCC_WARN_ABOUT_RETURN_TYPE = YES_ERROR;
				GCC_WARN_UNDECLARED_SELECTOR = YES;
				GCC_WARN_UNINITIALIZED_AUTOS = YES_AGGRESSIVE;
				GCC_WARN_UNUSED_FUNCTION = YES;
				GCC_WARN_UNUSED_VARIABLE = YES;
				IPHONEOS_DEPLOYMENT_TARGET = 16.4;
				MTL_ENABLE_DEBUG_INFO = INCLUDE_SOURCE;
				MTL_FAST_MATH = YES;
				ONLY_ACTIVE_ARCH = YES;
				SDKROOT = iphoneos;
				SWIFT_ACTIVE_COMPILATION_CONDITIONS = DEBUG;
				SWIFT_OPTIMIZATION_LEVEL = "-Onone";
			};
			name = Debug;
		};
		72A6E22E2AD834E500DE3B42 /* Release */ = {
			isa = XCBuildConfiguration;
			buildSettings = {
				ALWAYS_SEARCH_USER_PATHS = NO;
				CLANG_ANALYZER_NONNULL = YES;
				CLANG_ANALYZER_NUMBER_OBJECT_CONVERSION = YES_AGGRESSIVE;
				CLANG_CXX_LANGUAGE_STANDARD = "gnu++20";
				CLANG_ENABLE_MODULES = YES;
				CLANG_ENABLE_OBJC_ARC = YES;
				CLANG_ENABLE_OBJC_WEAK = YES;
				CLANG_WARN_BLOCK_CAPTURE_AUTORELEASING = YES;
				CLANG_WARN_BOOL_CONVERSION = YES;
				CLANG_WARN_COMMA = YES;
				CLANG_WARN_CONSTANT_CONVERSION = YES;
				CLANG_WARN_DEPRECATED_OBJC_IMPLEMENTATIONS = YES;
				CLANG_WARN_DIRECT_OBJC_ISA_USAGE = YES_ERROR;
				CLANG_WARN_DOCUMENTATION_COMMENTS = YES;
				CLANG_WARN_EMPTY_BODY = YES;
				CLANG_WARN_ENUM_CONVERSION = YES;
				CLANG_WARN_INFINITE_RECURSION = YES;
				CLANG_WARN_INT_CONVERSION = YES;
				CLANG_WARN_NON_LITERAL_NULL_CONVERSION = YES;
				CLANG_WARN_OBJC_IMPLICIT_RETAIN_SELF = YES;
				CLANG_WARN_OBJC_LITERAL_CONVERSION = YES;
				CLANG_WARN_OBJC_ROOT_CLASS = YES_ERROR;
				CLANG_WARN_QUOTED_INCLUDE_IN_FRAMEWORK_HEADER = YES;
				CLANG_WARN_RANGE_LOOP_ANALYSIS = YES;
				CLANG_WARN_STRICT_PROTOTYPES = YES;
				CLANG_WARN_SUSPICIOUS_MOVE = YES;
				CLANG_WARN_UNGUARDED_AVAILABILITY = YES_AGGRESSIVE;
				CLANG_WARN_UNREACHABLE_CODE = YES;
				CLANG_WARN__DUPLICATE_METHOD_MATCH = YES;
				COPY_PHASE_STRIP = NO;
				DEBUG_INFORMATION_FORMAT = "dwarf-with-dsym";
				ENABLE_NS_ASSERTIONS = NO;
				ENABLE_STRICT_OBJC_MSGSEND = YES;
				GCC_C_LANGUAGE_STANDARD = gnu11;
				GCC_NO_COMMON_BLOCKS = YES;
				GCC_WARN_64_TO_32_BIT_CONVERSION = YES;
				GCC_WARN_ABOUT_RETURN_TYPE = YES_ERROR;
				GCC_WARN_UNDECLARED_SELECTOR = YES;
				GCC_WARN_UNINITIALIZED_AUTOS = YES_AGGRESSIVE;
				GCC_WARN_UNUSED_FUNCTION = YES;
				GCC_WARN_UNUSED_VARIABLE = YES;
				IPHONEOS_DEPLOYMENT_TARGET = 16.4;
				MTL_ENABLE_DEBUG_INFO = NO;
				MTL_FAST_MATH = YES;
				SDKROOT = iphoneos;
				SWIFT_COMPILATION_MODE = wholemodule;
				SWIFT_OPTIMIZATION_LEVEL = "-O";
				VALIDATE_PRODUCT = YES;
			};
			name = Release;
		};
		72A6E2302AD834E500DE3B42 /* Debug */ = {
			isa = XCBuildConfiguration;
			buildSettings = {
				ASSETCATALOG_COMPILER_APPICON_NAME = AppIcon;
				ASSETCATALOG_COMPILER_GLOBAL_ACCENT_COLOR_NAME = AccentColor;
				CODE_SIGN_STYLE = Automatic;
				CURRENT_PROJECT_VERSION = 1;
				GENERATE_INFOPLIST_FILE = YES;
				INFOPLIST_FILE = WeatherApp_Ritika121023/Info.plist;
				INFOPLIST_KEY_UIApplicationSupportsIndirectInputEvents = YES;
				INFOPLIST_KEY_UILaunchStoryboardName = LaunchScreen;
				INFOPLIST_KEY_UIMainStoryboardFile = Main;
				INFOPLIST_KEY_UISupportedInterfaceOrientations_iPad = "UIInterfaceOrientationPortrait UIInterfaceOrientationPortraitUpsideDown UIInterfaceOrientationLandscapeLeft UIInterfaceOrientationLandscapeRight";
				INFOPLIST_KEY_UISupportedInterfaceOrientations_iPhone = "UIInterfaceOrientationPortrait UIInterfaceOrientationLandscapeLeft UIInterfaceOrientationLandscapeRight";
				LD_RUNPATH_SEARCH_PATHS = (
					"$(inherited)",
					"@executable_path/Frameworks",
				);
				MARKETING_VERSION = 1.0;
				PRODUCT_BUNDLE_IDENTIFIER = "ca.senecacollege.project.WeatherApp-Ritika121023";
				PRODUCT_NAME = "$(TARGET_NAME)";
				SWIFT_EMIT_LOC_STRINGS = YES;
				SWIFT_VERSION = 5.0;
				TARGETED_DEVICE_FAMILY = "1,2";
			};
			name = Debug;
		};
		72A6E2312AD834E500DE3B42 /* Release */ = {
			isa = XCBuildConfiguration;
			buildSettings = {
				ASSETCATALOG_COMPILER_APPICON_NAME = AppIcon;
				ASSETCATALOG_COMPILER_GLOBAL_ACCENT_COLOR_NAME = AccentColor;
				CODE_SIGN_STYLE = Automatic;
				CURRENT_PROJECT_VERSION = 1;
				GENERATE_INFOPLIST_FILE = YES;
				INFOPLIST_FILE = WeatherApp_Ritika121023/Info.plist;
				INFOPLIST_KEY_UIApplicationSupportsIndirectInputEvents = YES;
				INFOPLIST_KEY_UILaunchStoryboardName = LaunchScreen;
				INFOPLIST_KEY_UIMainStoryboardFile = Main;
				INFOPLIST_KEY_UISupportedInterfaceOrientations_iPad = "UIInterfaceOrientationPortrait UIInterfaceOrientationPortraitUpsideDown UIInterfaceOrientationLandscapeLeft UIInterfaceOrientationLandscapeRight";
				INFOPLIST_KEY_UISupportedInterfaceOrientations_iPhone = "UIInterfaceOrientationPortrait UIInterfaceOrientationLandscapeLeft UIInterfaceOrientationLandscapeRight";
				LD_RUNPATH_SEARCH_PATHS = (
					"$(inherited)",
					"@executable_path/Frameworks",
				);
				MARKETING_VERSION = 1.0;
				PRODUCT_BUNDLE_IDENTIFIER = "ca.senecacollege.project.WeatherApp-Ritika121023";
				PRODUCT_NAME = "$(TARGET_NAME)";
				SWIFT_EMIT_LOC_STRINGS = YES;
				SWIFT_VERSION = 5.0;
				TARGETED_DEVICE_FAMILY = "1,2";
			};
			name = Release;
		};
/* End XCBuildConfiguration section */

/* Begin XCConfigurationList section */
		72A6E2132AD834E200DE3B42 /* Build configuration list for PBXProject "WeatherApp_Ritika121023" */ = {
			isa = XCConfigurationList;
			buildConfigurations = (
				72A6E22D2AD834E500DE3B42 /* Debug */,
				72A6E22E2AD834E500DE3B42 /* Release */,
			);
			defaultConfigurationIsVisible = 0;
			defaultConfigurationName = Release;
		};
		72A6E22F2AD834E500DE3B42 /* Build configuration list for PBXNativeTarget "WeatherApp_Ritika121023" */ = {
			isa = XCConfigurationList;
			buildConfigurations = (
				72A6E2302AD834E500DE3B42 /* Debug */,
				72A6E2312AD834E500DE3B42 /* Release */,
			);
			defaultConfigurationIsVisible = 0;
			defaultConfigurationName = Release;
		};
/* End XCConfigurationList section */

/* Begin XCVersionGroup section */
		72A6E2242AD834E300DE3B42 /* WeatherApp_Ritika121023.xcdatamodeld */ = {
			isa = XCVersionGroup;
			children = (
				72A6E2252AD834E300DE3B42 /* WeatherApp_Ritika121023.xcdatamodel */,
			);
			currentVersion = 72A6E2252AD834E300DE3B42 /* WeatherApp_Ritika121023.xcdatamodel */;
			path = WeatherApp_Ritika121023.xcdatamodeld;
			sourceTree = "<group>";
			versionGroupType = wrapper.xcdatamodel;
		};
/* End XCVersionGroup section */
	};
	rootObject = 72A6E2102AD834E200DE3B42 /* Project object */;
}
